
Microsoft Visual Studio Solution File, Format Version 12.00
# Visual Studio 15
VisualStudioVersion = 15.0.28307.645
MinimumVisualStudioVersion = 10.0.40219.1
Project("{FAE04EC0-301F-11D3-BF4B-00C04F79EFBC}") = "Exceptions", "Exceptions\Exceptions.csproj", "{A924CE36-8098-4B6B-ADCF-FADAB4A4B60E}"
EndProject
Global
	GlobalSection(SolutionConfigurationPlatforms) = preSolution
		Debug|Any CPU = Debug|Any CPU
		Release|Any CPU = Release|Any CPU
	EndGlobalSection
	GlobalSection(ProjectConfigurationPlatforms) = postSolution
		{A924CE36-8098-4B6B-ADCF-FADAB4A4B60E}.Debug|Any CPU.ActiveCfg = Debug|Any CPU
		{A924CE36-8098-4B6B-ADCF-FADAB4A4B60E}.Debug|Any CPU.Build.0 = Debug|Any CPU
		{A924CE36-8098-4B6B-ADCF-FADAB4A4B60E}.Release|Any CPU.ActiveCfg = Release|Any CPU
		{A924CE36-8098-4B6B-ADCF-FADAB4A4B60E}.Release|Any CPU.Build.0 = Release|Any CPU
	EndGlobalSection
	GlobalSection(SolutionProperties) = preSolution
		HideSolutionNode = FALSE
	EndGlobalSection
	GlobalSection(ExtensibilityGlobals) = postSolution
		SolutionGuid = {75C59AEC-6F9D-4E5C-AC0A-8CAEA88708C6}
	EndGlobalSection
EndGlobal
