
Microsoft Visual Studio Solution File, Format Version 12.00
# Visual Studio 15
VisualStudioVersion = 15.0.28307.645
MinimumVisualStudioVersion = 10.0.40219.1
Project("{FAE04EC0-301F-11D3-BF4B-00C04F79EFBC}") = "Generic", "Generic\Generic.csproj", "{D2CF34C1-8BA0-41E8-B883-3422D4BC2BDD}"
EndProject
Global
	GlobalSection(SolutionConfigurationPlatforms) = preSolution
		Debug|Any CPU = Debug|Any CPU
		Release|Any CPU = Release|Any CPU
	EndGlobalSection
	GlobalSection(ProjectConfigurationPlatforms) = postSolution
		{D2CF34C1-8BA0-41E8-B883-3422D4BC2BDD}.Debug|Any CPU.ActiveCfg = Debug|Any CPU
		{D2CF34C1-8BA0-41E8-B883-3422D4BC2BDD}.Debug|Any CPU.Build.0 = Debug|Any CPU
		{D2CF34C1-8BA0-41E8-B883-3422D4BC2BDD}.Release|Any CPU.ActiveCfg = Release|Any CPU
		{D2CF34C1-8BA0-41E8-B883-3422D4BC2BDD}.Release|Any CPU.Build.0 = Release|Any CPU
	EndGlobalSection
	GlobalSection(SolutionProperties) = preSolution
		HideSolutionNode = FALSE
	EndGlobalSection
	GlobalSection(ExtensibilityGlobals) = postSolution
		SolutionGuid = {39001B03-4A96-4317-BE38-A4B86AA732B5}
	EndGlobalSection
EndGlobal
